
Microsoft Visual Studio Solution File, Format Version 12.00
# Visual Studio 15
VisualStudioVersion = 15.0.28307.102
MinimumVisualStudioVersion = 10.0.40219.1
Project("{9A19103F-16F7-4668-BE54-9A1E7A4F7556}") = "BowlingBall", "BowlingBall\BowlingBall.csproj", "{7524AAC9-280E-459C-85D1-0D99E8310C17}"
EndProject
Project("{9A19103F-16F7-4668-BE54-9A1E7A4F7556}") = "BowlingExecuter", "BowlingExecuter\BowlingExecuter.csproj", "{B7D25BD4-193F-4901-A514-0FD61D9F52BA}"
EndProject
Project("{FAE04EC0-301F-11D3-BF4B-00C04F79EFBC}") = "BowlingBallTesting", "BowlingBallTesting\BowlingBallTesting.csproj", "{378188DA-F762-4181-B203-AC01D9A8581F}"
EndProject
Global
	GlobalSection(SolutionConfigurationPlatforms) = preSolution
		Debug|Any CPU = Debug|Any CPU
		Release|Any CPU = Release|Any CPU
	EndGlobalSection
	GlobalSection(ProjectConfigurationPlatforms) = postSolution
		{7524AAC9-280E-459C-85D1-0D99E8310C17}.Debug|Any CPU.ActiveCfg = Debug|Any CPU
		{7524AAC9-280E-459C-85D1-0D99E8310C17}.Debug|Any CPU.Build.0 = Debug|Any CPU
		{7524AAC9-280E-459C-85D1-0D99E8310C17}.Release|Any CPU.ActiveCfg = Release|Any CPU
		{7524AAC9-280E-459C-85D1-0D99E8310C17}.Release|Any CPU.Build.0 = Release|Any CPU
		{B7D25BD4-193F-4901-A514-0FD61D9F52BA}.Debug|Any CPU.ActiveCfg = Debug|Any CPU
		{B7D25BD4-193F-4901-A514-0FD61D9F52BA}.Debug|Any CPU.Build.0 = Debug|Any CPU
		{B7D25BD4-193F-4901-A514-0FD61D9F52BA}.Release|Any CPU.ActiveCfg = Release|Any CPU
		{B7D25BD4-193F-4901-A514-0FD61D9F52BA}.Release|Any CPU.Build.0 = Release|Any CPU
		{378188DA-F762-4181-B203-AC01D9A8581F}.Debug|Any CPU.ActiveCfg = Debug|Any CPU
		{378188DA-F762-4181-B203-AC01D9A8581F}.Debug|Any CPU.Build.0 = Debug|Any CPU
		{378188DA-F762-4181-B203-AC01D9A8581F}.Release|Any CPU.ActiveCfg = Release|Any CPU
		{378188DA-F762-4181-B203-AC01D9A8581F}.Release|Any CPU.Build.0 = Release|Any CPU
	EndGlobalSection
	GlobalSection(SolutionProperties) = preSolution
		HideSolutionNode = FALSE
	EndGlobalSection
	GlobalSection(ExtensibilityGlobals) = postSolution
		SolutionGuid = {475A7610-9400-42C2-88AD-04E60BA5CDFE}
	EndGlobalSection
EndGlobal
